
Microsoft Visual Studio Solution File, Format Version 12.00
# Visual Studio Version 16
VisualStudioVersion = 16.0.30717.126
MinimumVisualStudioVersion = 10.0.40219.1
Project("{FAE04EC0-301F-11D3-BF4B-00C04F79EFBC}") = "TodoApi", "TodoApi\TodoApi.csproj", "{2C230A53-A094-49C2-8F6A-1825C8AFF795}"
EndProject
Global
	GlobalSection(SolutionConfigurationPlatforms) = preSolution
		Debug|Any CPU = Debug|Any CPU
		Release|Any CPU = Release|Any CPU
	EndGlobalSection
	GlobalSection(ProjectConfigurationPlatforms) = postSolution
		{2C230A53-A094-49C2-8F6A-1825C8AFF795}.Debug|Any CPU.ActiveCfg = Debug|Any CPU
		{2C230A53-A094-49C2-8F6A-1825C8AFF795}.Debug|Any CPU.Build.0 = Debug|Any CPU
		{2C230A53-A094-49C2-8F6A-1825C8AFF795}.Release|Any CPU.ActiveCfg = Release|Any CPU
		{2C230A53-A094-49C2-8F6A-1825C8AFF795}.Release|Any CPU.Build.0 = Release|Any CPU
	EndGlobalSection
	GlobalSection(SolutionProperties) = preSolution
		HideSolutionNode = FALSE
	EndGlobalSection
	GlobalSection(ExtensibilityGlobals) = postSolution
		SolutionGuid = {A3D86C3F-7B9A-42EE-A05B-F47330431081}
	EndGlobalSection
EndGlobal
